
Microsoft Visual Studio Solution File, Format Version 12.00
# Visual Studio Version 17
VisualStudioVersion = 17.14.36511.14
MinimumVisualStudioVersion = 10.0.40219.1
Project("{FAE04EC0-301F-11D3-BF4B-00C04F79EFBC}") = "VolcanoBlue.SampleApi", "src\SampleApi\VolcanoBlue.SampleApi.csproj", "{BBA64C11-370A-466D-9B41-C04E326EFEEA}"
EndProject
Project("{FAE04EC0-301F-11D3-BF4B-00C04F79EFBC}") = "VolcanoBlue.SampleApi.Tests", "test\SampleApi.Tests\VolcanoBlue.SampleApi.Tests.csproj", "{9DE1F16C-04B0-442B-B0CD-FC2560787A1B}"
EndProject
Project("{FAE04EC0-301F-11D3-BF4B-00C04F79EFBC}") = "VolcanoBlue.Core", "src\Core\VolcanoBlue.Core.csproj", "{17D6491D-B33F-03DD-FAB1-DAE26C39E381}"
EndProject
Project("{FAE04EC0-301F-11D3-BF4B-00C04F79EFBC}") = "VolcanoBlue.EventSourcing", "src\EventSourcing\VolcanoBlue.EventSourcing.csproj", "{55FCDFCC-BE97-29D8-552D-A2060D6FAD0C}"
EndProject
Global
	GlobalSection(SolutionConfigurationPlatforms) = preSolution
		Debug|Any CPU = Debug|Any CPU
		Release|Any CPU = Release|Any CPU
	EndGlobalSection
	GlobalSection(ProjectConfigurationPlatforms) = postSolution
		{BBA64C11-370A-466D-9B41-C04E326EFEEA}.Debug|Any CPU.ActiveCfg = Debug|Any CPU
		{BBA64C11-370A-466D-9B41-C04E326EFEEA}.Debug|Any CPU.Build.0 = Debug|Any CPU
		{BBA64C11-370A-466D-9B41-C04E326EFEEA}.Release|Any CPU.ActiveCfg = Release|Any CPU
		{BBA64C11-370A-466D-9B41-C04E326EFEEA}.Release|Any CPU.Build.0 = Release|Any CPU
		{9DE1F16C-04B0-442B-B0CD-FC2560787A1B}.Debug|Any CPU.ActiveCfg = Debug|Any CPU
		{9DE1F16C-04B0-442B-B0CD-FC2560787A1B}.Debug|Any CPU.Build.0 = Debug|Any CPU
		{9DE1F16C-04B0-442B-B0CD-FC2560787A1B}.Release|Any CPU.ActiveCfg = Release|Any CPU
		{9DE1F16C-04B0-442B-B0CD-FC2560787A1B}.Release|Any CPU.Build.0 = Release|Any CPU
		{17D6491D-B33F-03DD-FAB1-DAE26C39E381}.Debug|Any CPU.ActiveCfg = Debug|Any CPU
		{17D6491D-B33F-03DD-FAB1-DAE26C39E381}.Debug|Any CPU.Build.0 = Debug|Any CPU
		{17D6491D-B33F-03DD-FAB1-DAE26C39E381}.Release|Any CPU.ActiveCfg = Release|Any CPU
		{17D6491D-B33F-03DD-FAB1-DAE26C39E381}.Release|Any CPU.Build.0 = Release|Any CPU
		{55FCDFCC-BE97-29D8-552D-A2060D6FAD0C}.Debug|Any CPU.ActiveCfg = Debug|Any CPU
		{55FCDFCC-BE97-29D8-552D-A2060D6FAD0C}.Debug|Any CPU.Build.0 = Debug|Any CPU
		{55FCDFCC-BE97-29D8-552D-A2060D6FAD0C}.Release|Any CPU.ActiveCfg = Release|Any CPU
		{55FCDFCC-BE97-29D8-552D-A2060D6FAD0C}.Release|Any CPU.Build.0 = Release|Any CPU
	EndGlobalSection
	GlobalSection(SolutionProperties) = preSolution
		HideSolutionNode = FALSE
	EndGlobalSection
	GlobalSection(ExtensibilityGlobals) = postSolution
		SolutionGuid = {303941FD-9BD0-4026-876A-A5BBBD5AACF0}
	EndGlobalSection
EndGlobal
